[[package]]
name = "common_set"
version = "0.1.0"

[[package]]
name = "data_type"
version = "0.1.0"

[[package]]
name = "enumerate"
version = "0.1.0"

[[package]]
name = "function"
version = "0.1.0"

[[package]]
name = "ownship"
version = "0.1.0"

[[package]]
name = "smart_point"
version = "0.1.0"

[[package]]
name = "structs"
version = "0.1.0"

[[package]]
name = "variable"
version = "0.1.0"

